
Microsoft Visual Studio Solution File, Format Version 12.00
# Visual Studio Version 16
VisualStudioVersion = 16.0.28729.10
MinimumVisualStudioVersion = 10.0.40219.1
Project("{FAE04EC0-301F-11D3-BF4B-00C04F79EFBC}") = "NoticiasWebApi", "NoticiasWebApi\NoticiasWebApi.csproj", "{DF680E5B-A9C2-4068-A01C-4750C7C0E948}"
EndProject
Global
	GlobalSection(SolutionConfigurationPlatforms) = preSolution
		Debug|Any CPU = Debug|Any CPU
		Release|Any CPU = Release|Any CPU
	EndGlobalSection
	GlobalSection(ProjectConfigurationPlatforms) = postSolution
		{DF680E5B-A9C2-4068-A01C-4750C7C0E948}.Debug|Any CPU.ActiveCfg = Debug|Any CPU
		{DF680E5B-A9C2-4068-A01C-4750C7C0E948}.Debug|Any CPU.Build.0 = Debug|Any CPU
		{DF680E5B-A9C2-4068-A01C-4750C7C0E948}.Release|Any CPU.ActiveCfg = Release|Any CPU
		{DF680E5B-A9C2-4068-A01C-4750C7C0E948}.Release|Any CPU.Build.0 = Release|Any CPU
	EndGlobalSection
	GlobalSection(SolutionProperties) = preSolution
		HideSolutionNode = FALSE
	EndGlobalSection
	GlobalSection(ExtensibilityGlobals) = postSolution
		SolutionGuid = {96A275E6-9405-487C-A44E-D1354BC4E0F8}
	EndGlobalSection
EndGlobal
